
Microsoft Visual Studio Solution File, Format Version 12.00
Project("{FAE04EC0-301F-11D3-BF4B-00C04F79EFBC}") = "CryptoMonitorWeb.Api", "CryptoMonitorWeb.Api\CryptoMonitorWeb.Api.csproj", "{6C4651C7-D5E3-4905-B719-97C070B57E0C}"
EndProject
Project("{FAE04EC0-301F-11D3-BF4B-00C04F79EFBC}") = "CryptoMonitorWeb.Domain", "CryptoMonitorWeb.Domain\CryptoMonitorWeb.Domain.csproj", "{4B00A93A-8899-40E3-B4F3-13B73884D7F8}"
EndProject
Project("{FAE04EC0-301F-11D3-BF4B-00C04F79EFBC}") = "CryptoMonitorWeb.Data", "CryptoMonitorWeb.Data\CryptoMonitorWeb.Data.csproj", "{E57E9258-F368-41F8-B1E2-78BDDA5348F9}"
EndProject
Global
	GlobalSection(SolutionConfigurationPlatforms) = preSolution
		Debug|Any CPU = Debug|Any CPU
		Release|Any CPU = Release|Any CPU
	EndGlobalSection
	GlobalSection(ProjectConfigurationPlatforms) = postSolution
		{6C4651C7-D5E3-4905-B719-97C070B57E0C}.Debug|Any CPU.ActiveCfg = Debug|Any CPU
		{6C4651C7-D5E3-4905-B719-97C070B57E0C}.Debug|Any CPU.Build.0 = Debug|Any CPU
		{6C4651C7-D5E3-4905-B719-97C070B57E0C}.Release|Any CPU.ActiveCfg = Release|Any CPU
		{6C4651C7-D5E3-4905-B719-97C070B57E0C}.Release|Any CPU.Build.0 = Release|Any CPU
		{4B00A93A-8899-40E3-B4F3-13B73884D7F8}.Debug|Any CPU.ActiveCfg = Debug|Any CPU
		{4B00A93A-8899-40E3-B4F3-13B73884D7F8}.Debug|Any CPU.Build.0 = Debug|Any CPU
		{4B00A93A-8899-40E3-B4F3-13B73884D7F8}.Release|Any CPU.ActiveCfg = Release|Any CPU
		{4B00A93A-8899-40E3-B4F3-13B73884D7F8}.Release|Any CPU.Build.0 = Release|Any CPU
		{E57E9258-F368-41F8-B1E2-78BDDA5348F9}.Debug|Any CPU.ActiveCfg = Debug|Any CPU
		{E57E9258-F368-41F8-B1E2-78BDDA5348F9}.Debug|Any CPU.Build.0 = Debug|Any CPU
		{E57E9258-F368-41F8-B1E2-78BDDA5348F9}.Release|Any CPU.ActiveCfg = Release|Any CPU
		{E57E9258-F368-41F8-B1E2-78BDDA5348F9}.Release|Any CPU.Build.0 = Release|Any CPU
	EndGlobalSection
EndGlobal
